// !$*UTF8*$!
{
	archiveVersion = 1;
	classes = {
	};
	objectVersion = 55;
	objects = {

/* Begin PBXBuildFile section */
		EEE2533B27AA604000877F4D /* AppDelegate.swift in Sources */ = {isa = PBXBuildFile; fileRef = EEE2533A27AA604000877F4D /* AppDelegate.swift */; };
		EEE2533D27AA604000877F4D /* SceneDelegate.swift in Sources */ = {isa = PBXBuildFile; fileRef = EEE2533C27AA604000877F4D /* SceneDelegate.swift */; };
		EEE2533F27AA604000877F4D /* ViewController.swift in Sources */ = {isa = PBXBuildFile; fileRef = EEE2533E27AA604000877F4D /* ViewController.swift */; };
		EEE2534227AA604000877F4D /* Main.storyboard in Resources */ = {isa = PBXBuildFile; fileRef = EEE2534027AA604000877F4D /* Main.storyboard */; };
		EEE2534427AA604200877F4D /* Assets.xcassets in Resources */ = {isa = PBXBuildFile; fileRef = EEE2534327AA604200877F4D /* Assets.xcassets */; };
		EEE2534727AA604200877F4D /* LaunchScreen.storyboard in Resources */ = {isa = PBXBuildFile; fileRef = EEE2534527AA604200877F4D /* LaunchScreen.storyboard */; };
		EEE2535227AA604200877F4D /* AutoLayoutTestTests.swift in Sources */ = {isa = PBXBuildFile; fileRef = EEE2535127AA604200877F4D /* AutoLayoutTestTests.swift */; };
		EEE2535C27AA604200877F4D /* AutoLayoutTestUITests.swift in Sources */ = {isa = PBXBuildFile; fileRef = EEE2535B27AA604200877F4D /* AutoLayoutTestUITests.swift */; };
		EEE2535E27AA604200877F4D /* AutoLayoutTestUITestsLaunchTests.swift in Sources */ = {isa = PBXBuildFile; fileRef = EEE2535D27AA604200877F4D /* AutoLayoutTestUITestsLaunchTests.swift */; };
/* End PBXBuildFile section */

/* Begin PBXContainerItemProxy section */
		EEE2534E27AA604200877F4D /* PBXContainerItemProxy */ = {
			isa = PBXContainerItemProxy;
			containerPortal = EEE2532F27AA604000877F4D /* Project object */;
			proxyType = 1;
			remoteGlobalIDString = EEE2533627AA604000877F4D;
			remoteInfo = AutoLayoutTest;
		};
		EEE2535827AA604200877F4D /* PBXContainerItemProxy */ = {
			isa = PBXContainerItemProxy;
			containerPortal = EEE2532F27AA604000877F4D /* Project object */;
			proxyType = 1;
			remoteGlobalIDString = EEE2533627AA604000877F4D;
			remoteInfo = AutoLayoutTest;
		};
/* End PBXContainerItemProxy section */

/* Begin PBXFileReference section */
		EEE2533727AA604000877F4D /* AutoLayoutTest.app */ = {isa = PBXFileReference; explicitFileType = wrapper.application; includeInIndex = 0; path = AutoLayoutTest.app; sourceTree = BUILT_PRODUCTS_DIR; };
		EEE2533A27AA604000877F4D /* AppDelegate.swift */ = {isa = PBXFileReference; lastKnownFileType = sourcecode.swift; path = AppDelegate.swift; sourceTree = "<group>"; };
		EEE2533C27AA604000877F4D /* SceneDelegate.swift */ = {isa = PBXFileReference; lastKnownFileType = sourcecode.swift; path = SceneDelegate.swift; sourceTree = "<group>"; };
		EEE2533E27AA604000877F4D /* ViewController.swift */ = {isa = PBXFileReference; lastKnownFileType = sourcecode.swift; path = ViewController.swift; sourceTree = "<group>"; };
		EEE2534127AA604000877F4D /* Base */ = {isa = PBXFileReference; lastKnownFileType = file.storyboard; name = Base; path = Base.lproj/Main.storyboard; sourceTree = "<group>"; };
		EEE2534327AA604200877F4D /* Assets.xcassets */ = {isa = PBXFileReference; lastKnownFileType = folder.assetcatalog; path = Assets.xcassets; sourceTree = "<group>"; };
		EEE2534627AA604200877F4D /* Base */ = {isa = PBXFileReference; lastKnownFileType = file.storyboard; name = Base; path = Base.lproj/LaunchScreen.storyboard; sourceTree = "<group>"; };
		EEE2534827AA604200877F4D /* Info.plist */ = {isa = PBXFileReference; lastKnownFileType = text.plist.xml; path = Info.plist; sourceTree = "<group>"; };
		EEE2534D27AA604200877F4D /* AutoLayoutTestTests.xctest */ = {isa = PBXFileReference; explicitFileType = wrapper.cfbundle; includeInIndex = 0; path = AutoLayoutTestTests.xctest; sourceTree = BUILT_PRODUCTS_DIR; };
		EEE2535127AA604200877F4D /* AutoLayoutTestTests.swift */ = {isa = PBXFileReference; lastKnownFileType = sourcecode.swift; path = AutoLayoutTestTests.swift; sourceTree = "<group>"; };
		EEE2535727AA604200877F4D /* AutoLayoutTestUITests.xctest */ = {isa = PBXFileReference; explicitFileType = wrapper.cfbundle; includeInIndex = 0; path = AutoLayoutTestUITests.xctest; sourceTree = BUILT_PRODUCTS_DIR; };
		EEE2535B27AA604200877F4D /* AutoLayoutTestUITests.swift */ = {isa = PBXFileReference; lastKnownFileType = sourcecode.swift; path = AutoLayoutTestUITests.swift; sourceTree = "<group>"; };
		EEE2535D27AA604200877F4D /* AutoLayoutTestUITestsLaunchTests.swift */ = {isa = PBXFileReference; lastKnownFileType = sourcecode.swift; path = AutoLayoutTestUITestsLaunchTests.swift; sourceTree = "<group>"; };
/* End PBXFileReference section */

/* Begin PBXFrameworksBuildPhase section */
		EEE2533427AA604000877F4D /* Frameworks */ = {
			isa = PBXFrameworksBuildPhase;
			buildActionMask = 2147483647;
			files = (
			);
			runOnlyForDeploymentPostprocessing = 0;
		};
		EEE2534A27AA604200877F4D /* Frameworks */ = {
			isa = PBXFrameworksBuildPhase;
			buildActionMask = 2147483647;
			files = (
			);
			runOnlyForDeploymentPostprocessing = 0;
		};
		EEE2535427AA604200877F4D /* Frameworks */ = {
			isa = PBXFrameworksBuildPhase;
			buildActionMask = 2147483647;
			files = (
			);
			runOnlyForDeploymentPostprocessing = 0;
		};
/* End PBXFrameworksBuildPhase section */

/* Begin PBXGroup section */
		EEE2532E27AA604000877F4D = {
			isa = PBXGroup;
			children = (
				EEE2533927AA604000877F4D /* AutoLayoutTest */,
				EEE2535027AA604200877F4D /* AutoLayoutTestTests */,
				EEE2535A27AA604200877F4D /* AutoLayoutTestUITests */,
				EEE2533827AA604000877F4D /* Products */,
			);
			sourceTree = "<group>";
		};
		EEE2533827AA604000877F4D /* Products */ = {
			isa = PBXGroup;
			children = (
				EEE2533727AA604000877F4D /* AutoLayoutTest.app */,
				EEE2534D27AA604200877F4D /* AutoLayoutTestTests.xctest */,
				EEE2535727AA604200877F4D /* AutoLayoutTestUITests.xctest */,
			);
			name = Products;
			sourceTree = "<group>";
		};
		EEE2533927AA604000877F4D /* AutoLayoutTest */ = {
			isa = PBXGroup;
			children = (
				EEE2533A27AA604000877F4D /* AppDelegate.swift */,
				EEE2533C27AA604000877F4D /* SceneDelegate.swift */,
				EEE2533E27AA604000877F4D /* ViewController.swift */,
				EEE2534027AA604000877F4D /* Main.storyboard */,
				EEE2534327AA604200877F4D /* Assets.xcassets */,
				EEE2534527AA604200877F4D /* LaunchScreen.storyboard */,
				EEE2534827AA604200877F4D /* Info.plist */,
			);
			path = AutoLayoutTest;
			sourceTree = "<group>";
		};
		EEE2535027AA604200877F4D /* AutoLayoutTestTests */ = {
			isa = PBXGroup;
			children = (
				EEE2535127AA604200877F4D /* AutoLayoutTestTests.swift */,
			);
			path = AutoLayoutTestTests;
			sourceTree = "<group>";
		};
		EEE2535A27AA604200877F4D /* AutoLayoutTestUITests */ = {
			isa = PBXGroup;
			children = (
				EEE2535B27AA604200877F4D /* AutoLayoutTestUITests.swift */,
				EEE2535D27AA604200877F4D /* AutoLayoutTestUITestsLaunchTests.swift */,
			);
			path = AutoLayoutTestUITests;
			sourceTree = "<group>";
		};
/* End PBXGroup section */

/* Begin PBXNativeTarget section */
		EEE2533627AA604000877F4D /* AutoLayoutTest */ = {
			isa = PBXNativeTarget;
			buildConfigurationList = EEE2536127AA604200877F4D /* Build configuration list for PBXNativeTarget "AutoLayoutTest" */;
			buildPhases = (
				EEE2533327AA604000877F4D /* Sources */,
				EEE2533427AA604000877F4D /* Frameworks */,
				EEE2533527AA604000877F4D /* Resources */,
			);
			buildRules = (
			);
			dependencies = (
			);
			name = AutoLayoutTest;
			productName = AutoLayoutTest;
			productReference = EEE2533727AA604000877F4D /* AutoLayoutTest.app */;
			productType = "com.apple.product-type.application";
		};
		EEE2534C27AA604200877F4D /* AutoLayoutTestTests */ = {
			isa = PBXNativeTarget;
			buildConfigurationList = EEE2536427AA604200877F4D /* Build configuration list for PBXNativeTarget "AutoLayoutTestTests" */;
			buildPhases = (
				EEE2534927AA604200877F4D /* Sources */,
				EEE2534A27AA604200877F4D /* Frameworks */,
				EEE2534B27AA604200877F4D /* Resources */,
			);
			buildRules = (
			);
			dependencies = (
				EEE2534F27AA604200877F4D /* PBXTargetDependency */,
			);
			name = AutoLayoutTestTests;
			productName = AutoLayoutTestTests;
			productReference = EEE2534D27AA604200877F4D /* AutoLayoutTestTests.xctest */;
			productType = "com.apple.product-type.bundle.unit-test";
		};
		EEE2535627AA604200877F4D /* AutoLayoutTestUITests */ = {
			isa = PBXNativeTarget;
			buildConfigurationList = EEE2536727AA604200877F4D /* Build configuration list for PBXNativeTarget "AutoLayoutTestUITests" */;
			buildPhases = (
				EEE2535327AA604200877F4D /* Sources */,
				EEE2535427AA604200877F4D /* Frameworks */,
				EEE2535527AA604200877F4D /* Resources */,
			);
			buildRules = (
			);
			dependencies = (
				EEE2535927AA604200877F4D /* PBXTargetDependency */,
			);
			name = AutoLayoutTestUITests;
			productName = AutoLayoutTestUITests;
			productReference = EEE2535727AA604200877F4D /* AutoLayoutTestUITests.xctest */;
			productType = "com.apple.product-type.bundle.ui-testing";
		};
/* End PBXNativeTarget section */

/* Begin PBXProject section */
		EEE2532F27AA604000877F4D /* Project object */ = {
			isa = PBXProject;
			attributes = {
				BuildIndependentTargetsInParallel = 1;
				LastSwiftUpdateCheck = 1320;
				LastUpgradeCheck = 1320;
				TargetAttributes = {
					EEE2533627AA604000877F4D = {
						CreatedOnToolsVersion = 13.2.1;
					};
					EEE2534C27AA604200877F4D = {
						CreatedOnToolsVersion = 13.2.1;
						TestTargetID = EEE2533627AA604000877F4D;
					};
					EEE2535627AA604200877F4D = {
						CreatedOnToolsVersion = 13.2.1;
						TestTargetID = EEE2533627AA604000877F4D;
					};
				};
			};
			buildConfigurationList = EEE2533227AA604000877F4D /* Build configuration list for PBXProject "AutoLayoutTest" */;
			compatibilityVersion = "Xcode 13.0";
			developmentRegion = en;
			hasScannedForEncodings = 0;
			knownRegions = (
				en,
				Base,
			);
			mainGroup = EEE2532E27AA604000877F4D;
			productRefGroup = EEE2533827AA604000877F4D /* Products */;
			projectDirPath = "";
			projectRoot = "";
			targets = (
				EEE2533627AA604000877F4D /* AutoLayoutTest */,
				EEE2534C27AA604200877F4D /* AutoLayoutTestTests */,
				EEE2535627AA604200877F4D /* AutoLayoutTestUITests */,
			);
		};
/* End PBXProject section */

/* Begin PBXResourcesBuildPhase section */
		EEE2533527AA604000877F4D /* Resources */ = {
			isa = PBXResourcesBuildPhase;
			buildActionMask = 2147483647;
			files = (
				EEE2534727AA604200877F4D /* LaunchScreen.storyboard in Resources */,
				EEE2534427AA604200877F4D /* Assets.xcassets in Resources */,
				EEE2534227AA604000877F4D /* Main.storyboard in Resources */,
			);
			runOnlyForDeploymentPostprocessing = 0;
		};
		EEE2534B27AA604200877F4D /* Resources */ = {
			isa = PBXResourcesBuildPhase;
			buildActionMask = 2147483647;
			files = (
			);
			runOnlyForDeploymentPostprocessing = 0;
		};
		EEE2535527AA604200877F4D /* Resources */ = {
			isa = PBXResourcesBuildPhase;
			buildActionMask = 2147483647;
			files = (
			);
			runOnlyForDeploymentPostprocessing = 0;
		};
/* End PBXResourcesBuildPhase section */

/* Begin PBXSourcesBuildPhase section */
		EEE2533327AA604000877F4D /* Sources */ = {
			isa = PBXSourcesBuildPhase;
			buildActionMask = 2147483647;
			files = (
				EEE2533F27AA604000877F4D /* ViewController.swift in Sources */,
				EEE2533B27AA604000877F4D /* AppDelegate.swift in Sources */,
				EEE2533D27AA604000877F4D /* SceneDelegate.swift in Sources */,
			);
			runOnlyForDeploymentPostprocessing = 0;
		};
		EEE2534927AA604200877F4D /* Sources */ = {
			isa = PBXSourcesBuildPhase;
			buildActionMask = 2147483647;
			files = (
				EEE2535227AA604200877F4D /* AutoLayoutTestTests.swift in Sources */,
			);
			runOnlyForDeploymentPostprocessing = 0;
		};
		EEE2535327AA604200877F4D /* Sources */ = {
			isa = PBXSourcesBuildPhase;
			buildActionMask = 2147483647;
			files = (
				EEE2535C27AA604200877F4D /* AutoLayoutTestUITests.swift in Sources */,
				EEE2535E27AA604200877F4D /* AutoLayoutTestUITestsLaunchTests.swift in Sources */,
			);
			runOnlyForDeploymentPostprocessing = 0;
		};
/* End PBXSourcesBuildPhase section */

/* Begin PBXTargetDependency section */
		EEE2534F27AA604200877F4D /* PBXTargetDependency */ = {
			isa = PBXTargetDependency;
			target = EEE2533627AA604000877F4D /* AutoLayoutTest */;
			targetProxy = EEE2534E27AA604200877F4D /* PBXContainerItemProxy */;
		};
		EEE2535927AA604200877F4D /* PBXTargetDependency */ = {
			isa = PBXTargetDependency;
			target = EEE2533627AA604000877F4D /* AutoLayoutTest */;
			targetProxy = EEE2535827AA604200877F4D /* PBXContainerItemProxy */;
		};
/* End PBXTargetDependency section */

/* Begin PBXVariantGroup section */
		EEE2534027AA604000877F4D /* Main.storyboard */ = {
			isa = PBXVariantGroup;
			children = (
				EEE2534127AA604000877F4D /* Base */,
			);
			name = Main.storyboard;
			sourceTree = "<group>";
		};
		EEE2534527AA604200877F4D /* LaunchScreen.storyboard */ = {
			isa = PBXVariantGroup;
			children = (
				EEE2534627AA604200877F4D /* Base */,
			);
			name = LaunchScreen.storyboard;
			sourceTree = "<group>";
		};
/* End PBXVariantGroup section */

/* Begin XCBuildConfiguration section */
		EEE2535F27AA604200877F4D /* Debug */ = {
			isa = XCBuildConfiguration;
			buildSettings = {
				ALWAYS_SEARCH_USER_PATHS = NO;
				CLANG_ANALYZER_NONNULL = YES;
				CLANG_ANALYZER_NUMBER_OBJECT_CONVERSION = YES_AGGRESSIVE;
				CLANG_CXX_LANGUAGE_STANDARD = "gnu++17";
				CLANG_CXX_LIBRARY = "libc++";
				CLANG_ENABLE_MODULES = YES;
				CLANG_ENABLE_OBJC_ARC = YES;
				CLANG_ENABLE_OBJC_WEAK = YES;
				CLANG_WARN_BLOCK_CAPTURE_AUTORELEASING = YES;
				CLANG_WARN_BOOL_CONVERSION = YES;
				CLANG_WARN_COMMA = YES;
				CLANG_WARN_CONSTANT_CONVERSION = YES;
				CLANG_WARN_DEPRECATED_OBJC_IMPLEMENTATIONS = YES;
				CLANG_WARN_DIRECT_OBJC_ISA_USAGE = YES_ERROR;
				CLANG_WARN_DOCUMENTATION_COMMENTS = YES;
				CLANG_WARN_EMPTY_BODY = YES;
				CLANG_WARN_ENUM_CONVERSION = YES;
				CLANG_WARN_INFINITE_RECURSION = YES;
				CLANG_WARN_INT_CONVERSION = YES;
				CLANG_WARN_NON_LITERAL_NULL_CONVERSION = YES;
				CLANG_WARN_OBJC_IMPLICIT_RETAIN_SELF = YES;
				CLANG_WARN_OBJC_LITERAL_CONVERSION = YES;
				CLANG_WARN_OBJC_ROOT_CLASS = YES_ERROR;
				CLANG_WARN_QUOTED_INCLUDE_IN_FRAMEWORK_HEADER = YES;
				CLANG_WARN_RANGE_LOOP_ANALYSIS = YES;
				CLANG_WARN_STRICT_PROTOTYPES = YES;
				CLANG_WARN_SUSPICIOUS_MOVE = YES;
				CLANG_WARN_UNGUARDED_AVAILABILITY = YES_AGGRESSIVE;
				CLANG_WARN_UNREACHABLE_CODE = YES;
				CLANG_WARN__DUPLICATE_METHOD_MATCH = YES;
				COPY_PHASE_STRIP = NO;
				DEBUG_INFORMATION_FORMAT = dwarf;
				ENABLE_STRICT_OBJC_MSGSEND = YES;
				ENABLE_TESTABILITY = YES;
				GCC_C_LANGUAGE_STANDARD = gnu11;
				GCC_DYNAMIC_NO_PIC = NO;
				GCC_NO_COMMON_BLOCKS = YES;
				GCC_OPTIMIZATION_LEVEL = 0;
				GCC_PREPROCESSOR_DEFINITIONS = (
					"DEBUG=1",
					"$(inherited)",
				);
				GCC_WARN_64_TO_32_BIT_CONVERSION = YES;
				GCC_WARN_ABOUT_RETURN_TYPE = YES_ERROR;
				GCC_WARN_UNDECLARED_SELECTOR = YES;
				GCC_WARN_UNINITIALIZED_AUTOS = YES_AGGRESSIVE;
				GCC_WARN_UNUSED_FUNCTION = YES;
				GCC_WARN_UNUSED_VARIABLE = YES;
				IPHONEOS_DEPLOYMENT_TARGET = 15.2;
				MTL_ENABLE_DEBUG_INFO = INCLUDE_SOURCE;
				MTL_FAST_MATH = YES;
				ONLY_ACTIVE_ARCH = YES;
				SDKROOT = iphoneos;
				SWIFT_ACTIVE_COMPILATION_CONDITIONS = DEBUG;
				SWIFT_OPTIMIZATION_LEVEL = "-Onone";
			};
			name = Debug;
		};
		EEE2536027AA604200877F4D /* Release */ = {
			isa = XCBuildConfiguration;
			buildSettings = {
				ALWAYS_SEARCH_USER_PATHS = NO;
				CLANG_ANALYZER_NONNULL = YES;
				CLANG_ANALYZER_NUMBER_OBJECT_CONVERSION = YES_AGGRESSIVE;
				CLANG_CXX_LANGUAGE_STANDARD = "gnu++17";
				CLANG_CXX_LIBRARY = "libc++";
				CLANG_ENABLE_MODULES = YES;
				CLANG_ENABLE_OBJC_ARC = YES;
				CLANG_ENABLE_OBJC_WEAK = YES;
				CLANG_WARN_BLOCK_CAPTURE_AUTORELEASING = YES;
				CLANG_WARN_BOOL_CONVERSION = YES;
				CLANG_WARN_COMMA = YES;
				CLANG_WARN_CONSTANT_CONVERSION = YES;
				CLANG_WARN_DEPRECATED_OBJC_IMPLEMENTATIONS = YES;
				CLANG_WARN_DIRECT_OBJC_ISA_USAGE = YES_ERROR;
				CLANG_WARN_DOCUMENTATION_COMMENTS = YES;
				CLANG_WARN_EMPTY_BODY = YES;
				CLANG_WARN_ENUM_CONVERSION = YES;
				CLANG_WARN_INFINITE_RECURSION = YES;
				CLANG_WARN_INT_CONVERSION = YES;
				CLANG_WARN_NON_LITERAL_NULL_CONVERSION = YES;
				CLANG_WARN_OBJC_IMPLICIT_RETAIN_SELF = YES;
				CLANG_WARN_OBJC_LITERAL_CONVERSION = YES;
				CLANG_WARN_OBJC_ROOT_CLASS = YES_ERROR;
				CLANG_WARN_QUOTED_INCLUDE_IN_FRAMEWORK_HEADER = YES;
				CLANG_WARN_RANGE_LOOP_ANALYSIS = YES;
				CLANG_WARN_STRICT_PROTOTYPES = YES;
				CLANG_WARN_SUSPICIOUS_MOVE = YES;
				CLANG_WARN_UNGUARDED_AVAILABILITY = YES_AGGRESSIVE;
				CLANG_WARN_UNREACHABLE_CODE = YES;
				CLANG_WARN__DUPLICATE_METHOD_MATCH = YES;
				COPY_PHASE_STRIP = NO;
				DEBUG_INFORMATION_FORMAT = "dwarf-with-dsym";
				ENABLE_NS_ASSERTIONS = NO;
				ENABLE_STRICT_OBJC_MSGSEND = YES;
				GCC_C_LANGUAGE_STANDARD = gnu11;
				GCC_NO_COMMON_BLOCKS = YES;
				GCC_WARN_64_TO_32_BIT_CONVERSION = YES;
				GCC_WARN_ABOUT_RETURN_TYPE = YES_ERROR;
				GCC_WARN_UNDECLARED_SELECTOR = YES;
				GCC_WARN_UNINITIALIZED_AUTOS = YES_AGGRESSIVE;
				GCC_WARN_UNUSED_FUNCTION = YES;
				GCC_WARN_UNUSED_VARIABLE = YES;
				IPHONEOS_DEPLOYMENT_TARGET = 15.2;
				MTL_ENABLE_DEBUG_INFO = NO;
				MTL_FAST_MATH = YES;
				SDKROOT = iphoneos;
				SWIFT_COMPILATION_MODE = wholemodule;
				SWIFT_OPTIMIZATION_LEVEL = "-O";
				VALIDATE_PRODUCT = YES;
			};
			name = Release;
		};
		EEE2536227AA604200877F4D /* Debug */ = {
			isa = XCBuildConfiguration;
			buildSettings = {
				ASSETCATALOG_COMPILER_APPICON_NAME = AppIcon;
				ASSETCATALOG_COMPILER_GLOBAL_ACCENT_COLOR_NAME = AccentColor;
				CODE_SIGN_STYLE = Automatic;
				CURRENT_PROJECT_VERSION = 1;
				GENERATE_INFOPLIST_FILE = YES;
				INFOPLIST_FILE = AutoLayoutTest/Info.plist;
				INFOPLIST_KEY_UIApplicationSupportsIndirectInputEvents = YES;
				INFOPLIST_KEY_UILaunchStoryboardName = LaunchScreen;
				INFOPLIST_KEY_UIMainStoryboardFile = Main;
				INFOPLIST_KEY_UISupportedInterfaceOrientations_iPad = "UIInterfaceOrientationPortrait UIInterfaceOrientationPortraitUpsideDown UIInterfaceOrientationLandscapeLeft UIInterfaceOrientationLandscapeRight";
				INFOPLIST_KEY_UISupportedInterfaceOrientations_iPhone = "UIInterfaceOrientationPortrait UIInterfaceOrientationLandscapeLeft UIInterfaceOrientationLandscapeRight";
				LD_RUNPATH_SEARCH_PATHS = (
					"$(inherited)",
					"@executable_path/Frameworks",
				);
				MARKETING_VERSION = 1.0;
				PRODUCT_BUNDLE_IDENTIFIER = net.59.AutoLayoutTest;
				PRODUCT_NAME = "$(TARGET_NAME)";
				SWIFT_EMIT_LOC_STRINGS = YES;
				SWIFT_VERSION = 5.0;
				TARGETED_DEVICE_FAMILY = "1,2";
			};
			name = Debug;
		};
		EEE2536327AA604200877F4D /* Release */ = {
			isa = XCBuildConfiguration;
			buildSettings = {
				ASSETCATALOG_COMPILER_APPICON_NAME = AppIcon;
				ASSETCATALOG_COMPILER_GLOBAL_ACCENT_COLOR_NAME = AccentColor;
				CODE_SIGN_STYLE = Automatic;
				CURRENT_PROJECT_VERSION = 1;
				GENERATE_INFOPLIST_FILE = YES;
				INFOPLIST_FILE = AutoLayoutTest/Info.plist;
				INFOPLIST_KEY_UIApplicationSupportsIndirectInputEvents = YES;
				INFOPLIST_KEY_UILaunchStoryboardName = LaunchScreen;
				INFOPLIST_KEY_UIMainStoryboardFile = Main;
				INFOPLIST_KEY_UISupportedInterfaceOrientations_iPad = "UIInterfaceOrientationPortrait UIInterfaceOrientationPortraitUpsideDown UIInterfaceOrientationLandscapeLeft UIInterfaceOrientationLandscapeRight";
				INFOPLIST_KEY_UISupportedInterfaceOrientations_iPhone = "UIInterfaceOrientationPortrait UIInterfaceOrientationLandscapeLeft UIInterfaceOrientationLandscapeRight";
				LD_RUNPATH_SEARCH_PATHS = (
					"$(inherited)",
					"@executable_path/Frameworks",
				);
				MARKETING_VERSION = 1.0;
				PRODUCT_BUNDLE_IDENTIFIER = net.59.AutoLayoutTest;
				PRODUCT_NAME = "$(TARGET_NAME)";
				SWIFT_EMIT_LOC_STRINGS = YES;
				SWIFT_VERSION = 5.0;
				TARGETED_DEVICE_FAMILY = "1,2";
			};
			name = Release;
		};
		EEE2536527AA604200877F4D /* Debug */ = {
			isa = XCBuildConfiguration;
			buildSettings = {
				ALWAYS_EMBED_SWIFT_STANDARD_LIBRARIES = YES;
				BUNDLE_LOADER = "$(TEST_HOST)";
				CODE_SIGN_STYLE = Automatic;
				CURRENT_PROJECT_VERSION = 1;
				GENERATE_INFOPLIST_FILE = YES;
				IPHONEOS_DEPLOYMENT_TARGET = 15.2;
				MARKETING_VERSION = 1.0;
				PRODUCT_BUNDLE_IDENTIFIER = net.59.AutoLayoutTestTests;
				PRODUCT_NAME = "$(TARGET_NAME)";
				SWIFT_EMIT_LOC_STRINGS = NO;
				SWIFT_VERSION = 5.0;
				TARGETED_DEVICE_FAMILY = "1,2";
				TEST_HOST = "$(BUILT_PRODUCTS_DIR)/AutoLayoutTest.app/AutoLayoutTest";
			};
			name = Debug;
		};
		EEE2536627AA604200877F4D /* Release */ = {
			isa = XCBuildConfiguration;
			buildSettings = {
				ALWAYS_EMBED_SWIFT_STANDARD_LIBRARIES = YES;
				BUNDLE_LOADER = "$(TEST_HOST)";
				CODE_SIGN_STYLE = Automatic;
				CURRENT_PROJECT_VERSION = 1;
				GENERATE_INFOPLIST_FILE = YES;
				IPHONEOS_DEPLOYMENT_TARGET = 15.2;
				MARKETING_VERSION = 1.0;
				PRODUCT_BUNDLE_IDENTIFIER = net.59.AutoLayoutTestTests;
				PRODUCT_NAME = "$(TARGET_NAME)";
				SWIFT_EMIT_LOC_STRINGS = NO;
				SWIFT_VERSION = 5.0;
				TARGETED_DEVICE_FAMILY = "1,2";
				TEST_HOST = "$(BUILT_PRODUCTS_DIR)/AutoLayoutTest.app/AutoLayoutTest";
			};
			name = Release;
		};
		EEE2536827AA604200877F4D /* Debug */ = {
			isa = XCBuildConfiguration;
			buildSettings = {
				ALWAYS_EMBED_SWIFT_STANDARD_LIBRARIES = YES;
				CODE_SIGN_STYLE = Automatic;
				CURRENT_PROJECT_VERSION = 1;
				GENERATE_INFOPLIST_FILE = YES;
				MARKETING_VERSION = 1.0;
				PRODUCT_BUNDLE_IDENTIFIER = net.59.AutoLayoutTestUITests;
				PRODUCT_NAME = "$(TARGET_NAME)";
				SWIFT_EMIT_LOC_STRINGS = NO;
				SWIFT_VERSION = 5.0;
				TARGETED_DEVICE_FAMILY = "1,2";
				TEST_TARGET_NAME = AutoLayoutTest;
			};
			name = Debug;
		};
		EEE2536927AA604200877F4D /* Release */ = {
			isa = XCBuildConfiguration;
			buildSettings = {
				ALWAYS_EMBED_SWIFT_STANDARD_LIBRARIES = YES;
				CODE_SIGN_STYLE = Automatic;
				CURRENT_PROJECT_VERSION = 1;
				GENERATE_INFOPLIST_FILE = YES;
				MARKETING_VERSION = 1.0;
				PRODUCT_BUNDLE_IDENTIFIER = net.59.AutoLayoutTestUITests;
				PRODUCT_NAME = "$(TARGET_NAME)";
				SWIFT_EMIT_LOC_STRINGS = NO;
				SWIFT_VERSION = 5.0;
				TARGETED_DEVICE_FAMILY = "1,2";
				TEST_TARGET_NAME = AutoLayoutTest;
			};
			name = Release;
		};
/* End XCBuildConfiguration section */

/* Begin XCConfigurationList section */
		EEE2533227AA604000877F4D /* Build configuration list for PBXProject "AutoLayoutTest" */ = {
			isa = XCConfigurationList;
			buildConfigurations = (
				EEE2535F27AA604200877F4D /* Debug */,
				EEE2536027AA604200877F4D /* Release */,
			);
			defaultConfigurationIsVisible = 0;
			defaultConfigurationName = Release;
		};
		EEE2536127AA604200877F4D /* Build configuration list for PBXNativeTarget "AutoLayoutTest" */ = {
			isa = XCConfigurationList;
			buildConfigurations = (
				EEE2536227AA604200877F4D /* Debug */,
				EEE2536327AA604200877F4D /* Release */,
			);
			defaultConfigurationIsVisible = 0;
			defaultConfigurationName = Release;
		};
		EEE2536427AA604200877F4D /* Build configuration list for PBXNativeTarget "AutoLayoutTestTests" */ = {
			isa = XCConfigurationList;
			buildConfigurations = (
				EEE2536527AA604200877F4D /* Debug */,
				EEE2536627AA604200877F4D /* Release */,
			);
			defaultConfigurationIsVisible = 0;
			defaultConfigurationName = Release;
		};
		EEE2536727AA604200877F4D /* Build configuration list for PBXNativeTarget "AutoLayoutTestUITests" */ = {
			isa = XCConfigurationList;
			buildConfigurations = (
				EEE2536827AA604200877F4D /* Debug */,
				EEE2536927AA604200877F4D /* Release */,
			);
			defaultConfigurationIsVisible = 0;
			defaultConfigurationName = Release;
		};
/* End XCConfigurationList section */
	};
	rootObject = EEE2532F27AA604000877F4D /* Project object */;
}
