// !$*UTF8*$!
{
	archiveVersion = 1;
	classes = {
	};
	objectVersion = 55;
	objects = {

/* Begin PBXBuildFile section */
		EEF2C4A827C163A600CC598C /* AppDelegate.swift in Sources */ = {isa = PBXBuildFile; fileRef = EEF2C4A727C163A600CC598C /* AppDelegate.swift */; };
		EEF2C4AA27C163A600CC598C /* SceneDelegate.swift in Sources */ = {isa = PBXBuildFile; fileRef = EEF2C4A927C163A600CC598C /* SceneDelegate.swift */; };
		EEF2C4AC27C163A600CC598C /* ViewController.swift in Sources */ = {isa = PBXBuildFile; fileRef = EEF2C4AB27C163A600CC598C /* ViewController.swift */; };
		EEF2C4AF27C163A600CC598C /* Main.storyboard in Resources */ = {isa = PBXBuildFile; fileRef = EEF2C4AD27C163A600CC598C /* Main.storyboard */; };
		EEF2C4B127C163A700CC598C /* Assets.xcassets in Resources */ = {isa = PBXBuildFile; fileRef = EEF2C4B027C163A700CC598C /* Assets.xcassets */; };
		EEF2C4B427C163A700CC598C /* LaunchScreen.storyboard in Resources */ = {isa = PBXBuildFile; fileRef = EEF2C4B227C163A700CC598C /* LaunchScreen.storyboard */; };
		EEF2C4C027C163DD00CC598C /* click.mp3 in Resources */ = {isa = PBXBuildFile; fileRef = EEF2C4BD27C163DD00CC598C /* click.mp3 */; };
		EEF2C4C127C163DD00CC598C /* intro.mp3 in Resources */ = {isa = PBXBuildFile; fileRef = EEF2C4BE27C163DD00CC598C /* intro.mp3 */; };
		EEF2C4C227C163DD00CC598C /* gamestart.mp3 in Resources */ = {isa = PBXBuildFile; fileRef = EEF2C4BF27C163DD00CC598C /* gamestart.mp3 */; };
/* End PBXBuildFile section */

/* Begin PBXFileReference section */
		EEF2C4A427C163A600CC598C /* OddEvenGame_Snapkit.app */ = {isa = PBXFileReference; explicitFileType = wrapper.application; includeInIndex = 0; path = OddEvenGame_Snapkit.app; sourceTree = BUILT_PRODUCTS_DIR; };
		EEF2C4A727C163A600CC598C /* AppDelegate.swift */ = {isa = PBXFileReference; lastKnownFileType = sourcecode.swift; path = AppDelegate.swift; sourceTree = "<group>"; };
		EEF2C4A927C163A600CC598C /* SceneDelegate.swift */ = {isa = PBXFileReference; lastKnownFileType = sourcecode.swift; path = SceneDelegate.swift; sourceTree = "<group>"; };
		EEF2C4AB27C163A600CC598C /* ViewController.swift */ = {isa = PBXFileReference; lastKnownFileType = sourcecode.swift; path = ViewController.swift; sourceTree = "<group>"; };
		EEF2C4AE27C163A600CC598C /* Base */ = {isa = PBXFileReference; lastKnownFileType = file.storyboard; name = Base; path = Base.lproj/Main.storyboard; sourceTree = "<group>"; };
		EEF2C4B027C163A700CC598C /* Assets.xcassets */ = {isa = PBXFileReference; lastKnownFileType = folder.assetcatalog; path = Assets.xcassets; sourceTree = "<group>"; };
		EEF2C4B327C163A700CC598C /* Base */ = {isa = PBXFileReference; lastKnownFileType = file.storyboard; name = Base; path = Base.lproj/LaunchScreen.storyboard; sourceTree = "<group>"; };
		EEF2C4B527C163A700CC598C /* Info.plist */ = {isa = PBXFileReference; lastKnownFileType = text.plist.xml; path = Info.plist; sourceTree = "<group>"; };
		EEF2C4BD27C163DD00CC598C /* click.mp3 */ = {isa = PBXFileReference; lastKnownFileType = audio.mp3; path = click.mp3; sourceTree = "<group>"; };
		EEF2C4BE27C163DD00CC598C /* intro.mp3 */ = {isa = PBXFileReference; lastKnownFileType = audio.mp3; path = intro.mp3; sourceTree = "<group>"; };
		EEF2C4BF27C163DD00CC598C /* gamestart.mp3 */ = {isa = PBXFileReference; lastKnownFileType = audio.mp3; path = gamestart.mp3; sourceTree = "<group>"; };
/* End PBXFileReference section */

/* Begin PBXFrameworksBuildPhase section */
		EEF2C4A127C163A600CC598C /* Frameworks */ = {
			isa = PBXFrameworksBuildPhase;
			buildActionMask = 2147483647;
			files = (
			);
			runOnlyForDeploymentPostprocessing = 0;
		};
/* End PBXFrameworksBuildPhase section */

/* Begin PBXGroup section */
		EEF2C49B27C163A600CC598C = {
			isa = PBXGroup;
			children = (
				EEF2C4A627C163A600CC598C /* OddEvenGame_Snapkit */,
				EEF2C4A527C163A600CC598C /* Products */,
			);
			sourceTree = "<group>";
		};
		EEF2C4A527C163A600CC598C /* Products */ = {
			isa = PBXGroup;
			children = (
				EEF2C4A427C163A600CC598C /* OddEvenGame_Snapkit.app */,
			);
			name = Products;
			sourceTree = "<group>";
		};
		EEF2C4A627C163A600CC598C /* OddEvenGame_Snapkit */ = {
			isa = PBXGroup;
			children = (
				EEF2C4BB27C163BA00CC598C /* Resources */,
				EEF2C4A727C163A600CC598C /* AppDelegate.swift */,
				EEF2C4A927C163A600CC598C /* SceneDelegate.swift */,
				EEF2C4AB27C163A600CC598C /* ViewController.swift */,
				EEF2C4AD27C163A600CC598C /* Main.storyboard */,
			);
			path = OddEvenGame_Snapkit;
			sourceTree = "<group>";
		};
		EEF2C4BB27C163BA00CC598C /* Resources */ = {
			isa = PBXGroup;
			children = (
				EEF2C4BC27C163DD00CC598C /* mp3 */,
				EEF2C4B027C163A700CC598C /* Assets.xcassets */,
				EEF2C4B227C163A700CC598C /* LaunchScreen.storyboard */,
				EEF2C4B527C163A700CC598C /* Info.plist */,
			);
			path = Resources;
			sourceTree = "<group>";
		};
		EEF2C4BC27C163DD00CC598C /* mp3 */ = {
			isa = PBXGroup;
			children = (
				EEF2C4BD27C163DD00CC598C /* click.mp3 */,
				EEF2C4BE27C163DD00CC598C /* intro.mp3 */,
				EEF2C4BF27C163DD00CC598C /* gamestart.mp3 */,
			);
			path = mp3;
			sourceTree = "<group>";
		};
/* End PBXGroup section */

/* Begin PBXNativeTarget section */
		EEF2C4A327C163A600CC598C /* OddEvenGame_Snapkit */ = {
			isa = PBXNativeTarget;
			buildConfigurationList = EEF2C4B827C163A700CC598C /* Build configuration list for PBXNativeTarget "OddEvenGame_Snapkit" */;
			buildPhases = (
				EEF2C4A027C163A600CC598C /* Sources */,
				EEF2C4A127C163A600CC598C /* Frameworks */,
				EEF2C4A227C163A600CC598C /* Resources */,
			);
			buildRules = (
			);
			dependencies = (
			);
			name = OddEvenGame_Snapkit;
			productName = OddEvenGame_Snapkit;
			productReference = EEF2C4A427C163A600CC598C /* OddEvenGame_Snapkit.app */;
			productType = "com.apple.product-type.application";
		};
/* End PBXNativeTarget section */

/* Begin PBXProject section */
		EEF2C49C27C163A600CC598C /* Project object */ = {
			isa = PBXProject;
			attributes = {
				BuildIndependentTargetsInParallel = 1;
				LastSwiftUpdateCheck = 1320;
				LastUpgradeCheck = 1320;
				TargetAttributes = {
					EEF2C4A327C163A600CC598C = {
						CreatedOnToolsVersion = 13.2.1;
					};
				};
			};
			buildConfigurationList = EEF2C49F27C163A600CC598C /* Build configuration list for PBXProject "OddEvenGame_Snapkit" */;
			compatibilityVersion = "Xcode 13.0";
			developmentRegion = en;
			hasScannedForEncodings = 0;
			knownRegions = (
				en,
				Base,
			);
			mainGroup = EEF2C49B27C163A600CC598C;
			productRefGroup = EEF2C4A527C163A600CC598C /* Products */;
			projectDirPath = "";
			projectRoot = "";
			targets = (
				EEF2C4A327C163A600CC598C /* OddEvenGame_Snapkit */,
			);
		};
/* End PBXProject section */

/* Begin PBXResourcesBuildPhase section */
		EEF2C4A227C163A600CC598C /* Resources */ = {
			isa = PBXResourcesBuildPhase;
			buildActionMask = 2147483647;
			files = (
				EEF2C4B427C163A700CC598C /* LaunchScreen.storyboard in Resources */,
				EEF2C4C027C163DD00CC598C /* click.mp3 in Resources */,
				EEF2C4B127C163A700CC598C /* Assets.xcassets in Resources */,
				EEF2C4AF27C163A600CC598C /* Main.storyboard in Resources */,
				EEF2C4C127C163DD00CC598C /* intro.mp3 in Resources */,
				EEF2C4C227C163DD00CC598C /* gamestart.mp3 in Resources */,
			);
			runOnlyForDeploymentPostprocessing = 0;
		};
/* End PBXResourcesBuildPhase section */

/* Begin PBXSourcesBuildPhase section */
		EEF2C4A027C163A600CC598C /* Sources */ = {
			isa = PBXSourcesBuildPhase;
			buildActionMask = 2147483647;
			files = (
				EEF2C4AC27C163A600CC598C /* ViewController.swift in Sources */,
				EEF2C4A827C163A600CC598C /* AppDelegate.swift in Sources */,
				EEF2C4AA27C163A600CC598C /* SceneDelegate.swift in Sources */,
			);
			runOnlyForDeploymentPostprocessing = 0;
		};
/* End PBXSourcesBuildPhase section */

/* Begin PBXVariantGroup section */
		EEF2C4AD27C163A600CC598C /* Main.storyboard */ = {
			isa = PBXVariantGroup;
			children = (
				EEF2C4AE27C163A600CC598C /* Base */,
			);
			name = Main.storyboard;
			sourceTree = "<group>";
		};
		EEF2C4B227C163A700CC598C /* LaunchScreen.storyboard */ = {
			isa = PBXVariantGroup;
			children = (
				EEF2C4B327C163A700CC598C /* Base */,
			);
			name = LaunchScreen.storyboard;
			sourceTree = "<group>";
		};
/* End PBXVariantGroup section */

/* Begin XCBuildConfiguration section */
		EEF2C4B627C163A700CC598C /* Debug */ = {
			isa = XCBuildConfiguration;
			buildSettings = {
				ALWAYS_SEARCH_USER_PATHS = NO;
				CLANG_ANALYZER_NONNULL = YES;
				CLANG_ANALYZER_NUMBER_OBJECT_CONVERSION = YES_AGGRESSIVE;
				CLANG_CXX_LANGUAGE_STANDARD = "gnu++17";
				CLANG_CXX_LIBRARY = "libc++";
				CLANG_ENABLE_MODULES = YES;
				CLANG_ENABLE_OBJC_ARC = YES;
				CLANG_ENABLE_OBJC_WEAK = YES;
				CLANG_WARN_BLOCK_CAPTURE_AUTORELEASING = YES;
				CLANG_WARN_BOOL_CONVERSION = YES;
				CLANG_WARN_COMMA = YES;
				CLANG_WARN_CONSTANT_CONVERSION = YES;
				CLANG_WARN_DEPRECATED_OBJC_IMPLEMENTATIONS = YES;
				CLANG_WARN_DIRECT_OBJC_ISA_USAGE = YES_ERROR;
				CLANG_WARN_DOCUMENTATION_COMMENTS = YES;
				CLANG_WARN_EMPTY_BODY = YES;
				CLANG_WARN_ENUM_CONVERSION = YES;
				CLANG_WARN_INFINITE_RECURSION = YES;
				CLANG_WARN_INT_CONVERSION = YES;
				CLANG_WARN_NON_LITERAL_NULL_CONVERSION = YES;
				CLANG_WARN_OBJC_IMPLICIT_RETAIN_SELF = YES;
				CLANG_WARN_OBJC_LITERAL_CONVERSION = YES;
				CLANG_WARN_OBJC_ROOT_CLASS = YES_ERROR;
				CLANG_WARN_QUOTED_INCLUDE_IN_FRAMEWORK_HEADER = YES;
				CLANG_WARN_RANGE_LOOP_ANALYSIS = YES;
				CLANG_WARN_STRICT_PROTOTYPES = YES;
				CLANG_WARN_SUSPICIOUS_MOVE = YES;
				CLANG_WARN_UNGUARDED_AVAILABILITY = YES_AGGRESSIVE;
				CLANG_WARN_UNREACHABLE_CODE = YES;
				CLANG_WARN__DUPLICATE_METHOD_MATCH = YES;
				COPY_PHASE_STRIP = NO;
				DEBUG_INFORMATION_FORMAT = dwarf;
				ENABLE_STRICT_OBJC_MSGSEND = YES;
				ENABLE_TESTABILITY = YES;
				GCC_C_LANGUAGE_STANDARD = gnu11;
				GCC_DYNAMIC_NO_PIC = NO;
				GCC_NO_COMMON_BLOCKS = YES;
				GCC_OPTIMIZATION_LEVEL = 0;
				GCC_PREPROCESSOR_DEFINITIONS = (
					"DEBUG=1",
					"$(inherited)",
				);
				GCC_WARN_64_TO_32_BIT_CONVERSION = YES;
				GCC_WARN_ABOUT_RETURN_TYPE = YES_ERROR;
				GCC_WARN_UNDECLARED_SELECTOR = YES;
				GCC_WARN_UNINITIALIZED_AUTOS = YES_AGGRESSIVE;
				GCC_WARN_UNUSED_FUNCTION = YES;
				GCC_WARN_UNUSED_VARIABLE = YES;
				IPHONEOS_DEPLOYMENT_TARGET = 15.2;
				MTL_ENABLE_DEBUG_INFO = INCLUDE_SOURCE;
				MTL_FAST_MATH = YES;
				ONLY_ACTIVE_ARCH = YES;
				SDKROOT = iphoneos;
				SWIFT_ACTIVE_COMPILATION_CONDITIONS = DEBUG;
				SWIFT_OPTIMIZATION_LEVEL = "-Onone";
			};
			name = Debug;
		};
		EEF2C4B727C163A700CC598C /* Release */ = {
			isa = XCBuildConfiguration;
			buildSettings = {
				ALWAYS_SEARCH_USER_PATHS = NO;
				CLANG_ANALYZER_NONNULL = YES;
				CLANG_ANALYZER_NUMBER_OBJECT_CONVERSION = YES_AGGRESSIVE;
				CLANG_CXX_LANGUAGE_STANDARD = "gnu++17";
				CLANG_CXX_LIBRARY = "libc++";
				CLANG_ENABLE_MODULES = YES;
				CLANG_ENABLE_OBJC_ARC = YES;
				CLANG_ENABLE_OBJC_WEAK = YES;
				CLANG_WARN_BLOCK_CAPTURE_AUTORELEASING = YES;
				CLANG_WARN_BOOL_CONVERSION = YES;
				CLANG_WARN_COMMA = YES;
				CLANG_WARN_CONSTANT_CONVERSION = YES;
				CLANG_WARN_DEPRECATED_OBJC_IMPLEMENTATIONS = YES;
				CLANG_WARN_DIRECT_OBJC_ISA_USAGE = YES_ERROR;
				CLANG_WARN_DOCUMENTATION_COMMENTS = YES;
				CLANG_WARN_EMPTY_BODY = YES;
				CLANG_WARN_ENUM_CONVERSION = YES;
				CLANG_WARN_INFINITE_RECURSION = YES;
				CLANG_WARN_INT_CONVERSION = YES;
				CLANG_WARN_NON_LITERAL_NULL_CONVERSION = YES;
				CLANG_WARN_OBJC_IMPLICIT_RETAIN_SELF = YES;
				CLANG_WARN_OBJC_LITERAL_CONVERSION = YES;
				CLANG_WARN_OBJC_ROOT_CLASS = YES_ERROR;
				CLANG_WARN_QUOTED_INCLUDE_IN_FRAMEWORK_HEADER = YES;
				CLANG_WARN_RANGE_LOOP_ANALYSIS = YES;
				CLANG_WARN_STRICT_PROTOTYPES = YES;
				CLANG_WARN_SUSPICIOUS_MOVE = YES;
				CLANG_WARN_UNGUARDED_AVAILABILITY = YES_AGGRESSIVE;
				CLANG_WARN_UNREACHABLE_CODE = YES;
				CLANG_WARN__DUPLICATE_METHOD_MATCH = YES;
				COPY_PHASE_STRIP = NO;
				DEBUG_INFORMATION_FORMAT = "dwarf-with-dsym";
				ENABLE_NS_ASSERTIONS = NO;
				ENABLE_STRICT_OBJC_MSGSEND = YES;
				GCC_C_LANGUAGE_STANDARD = gnu11;
				GCC_NO_COMMON_BLOCKS = YES;
				GCC_WARN_64_TO_32_BIT_CONVERSION = YES;
				GCC_WARN_ABOUT_RETURN_TYPE = YES_ERROR;
				GCC_WARN_UNDECLARED_SELECTOR = YES;
				GCC_WARN_UNINITIALIZED_AUTOS = YES_AGGRESSIVE;
				GCC_WARN_UNUSED_FUNCTION = YES;
				GCC_WARN_UNUSED_VARIABLE = YES;
				IPHONEOS_DEPLOYMENT_TARGET = 15.2;
				MTL_ENABLE_DEBUG_INFO = NO;
				MTL_FAST_MATH = YES;
				SDKROOT = iphoneos;
				SWIFT_COMPILATION_MODE = wholemodule;
				SWIFT_OPTIMIZATION_LEVEL = "-O";
				VALIDATE_PRODUCT = YES;
			};
			name = Release;
		};
		EEF2C4B927C163A700CC598C /* Debug */ = {
			isa = XCBuildConfiguration;
			buildSettings = {
				ASSETCATALOG_COMPILER_APPICON_NAME = AppIcon;
				ASSETCATALOG_COMPILER_GLOBAL_ACCENT_COLOR_NAME = AccentColor;
				CODE_SIGN_STYLE = Automatic;
				CURRENT_PROJECT_VERSION = 1;
				GENERATE_INFOPLIST_FILE = YES;
				INFOPLIST_FILE = OddEvenGame_Snapkit/Info.plist;
				INFOPLIST_KEY_UIApplicationSupportsIndirectInputEvents = YES;
				INFOPLIST_KEY_UILaunchStoryboardName = LaunchScreen;
				INFOPLIST_KEY_UIMainStoryboardFile = Main;
				INFOPLIST_KEY_UISupportedInterfaceOrientations_iPad = "UIInterfaceOrientationPortrait UIInterfaceOrientationPortraitUpsideDown UIInterfaceOrientationLandscapeLeft UIInterfaceOrientationLandscapeRight";
				INFOPLIST_KEY_UISupportedInterfaceOrientations_iPhone = "UIInterfaceOrientationPortrait UIInterfaceOrientationLandscapeLeft UIInterfaceOrientationLandscapeRight";
				LD_RUNPATH_SEARCH_PATHS = (
					"$(inherited)",
					"@executable_path/Frameworks",
				);
				MARKETING_VERSION = 1.0;
				PRODUCT_BUNDLE_IDENTIFIER = "net.59.OddEvenGame-Snapkit";
				PRODUCT_NAME = "$(TARGET_NAME)";
				SWIFT_EMIT_LOC_STRINGS = YES;
				SWIFT_VERSION = 5.0;
				TARGETED_DEVICE_FAMILY = "1,2";
			};
			name = Debug;
		};
		EEF2C4BA27C163A700CC598C /* Release */ = {
			isa = XCBuildConfiguration;
			buildSettings = {
				ASSETCATALOG_COMPILER_APPICON_NAME = AppIcon;
				ASSETCATALOG_COMPILER_GLOBAL_ACCENT_COLOR_NAME = AccentColor;
				CODE_SIGN_STYLE = Automatic;
				CURRENT_PROJECT_VERSION = 1;
				GENERATE_INFOPLIST_FILE = YES;
				INFOPLIST_FILE = OddEvenGame_Snapkit/Info.plist;
				INFOPLIST_KEY_UIApplicationSupportsIndirectInputEvents = YES;
				INFOPLIST_KEY_UILaunchStoryboardName = LaunchScreen;
				INFOPLIST_KEY_UIMainStoryboardFile = Main;
				INFOPLIST_KEY_UISupportedInterfaceOrientations_iPad = "UIInterfaceOrientationPortrait UIInterfaceOrientationPortraitUpsideDown UIInterfaceOrientationLandscapeLeft UIInterfaceOrientationLandscapeRight";
				INFOPLIST_KEY_UISupportedInterfaceOrientations_iPhone = "UIInterfaceOrientationPortrait UIInterfaceOrientationLandscapeLeft UIInterfaceOrientationLandscapeRight";
				LD_RUNPATH_SEARCH_PATHS = (
					"$(inherited)",
					"@executable_path/Frameworks",
				);
				MARKETING_VERSION = 1.0;
				PRODUCT_BUNDLE_IDENTIFIER = "net.59.OddEvenGame-Snapkit";
				PRODUCT_NAME = "$(TARGET_NAME)";
				SWIFT_EMIT_LOC_STRINGS = YES;
				SWIFT_VERSION = 5.0;
				TARGETED_DEVICE_FAMILY = "1,2";
			};
			name = Release;
		};
/* End XCBuildConfiguration section */

/* Begin XCConfigurationList section */
		EEF2C49F27C163A600CC598C /* Build configuration list for PBXProject "OddEvenGame_Snapkit" */ = {
			isa = XCConfigurationList;
			buildConfigurations = (
				EEF2C4B627C163A700CC598C /* Debug */,
				EEF2C4B727C163A700CC598C /* Release */,
			);
			defaultConfigurationIsVisible = 0;
			defaultConfigurationName = Release;
		};
		EEF2C4B827C163A700CC598C /* Build configuration list for PBXNativeTarget "OddEvenGame_Snapkit" */ = {
			isa = XCConfigurationList;
			buildConfigurations = (
				EEF2C4B927C163A700CC598C /* Debug */,
				EEF2C4BA27C163A700CC598C /* Release */,
			);
			defaultConfigurationIsVisible = 0;
			defaultConfigurationName = Release;
		};
/* End XCConfigurationList section */
	};
	rootObject = EEF2C49C27C163A600CC598C /* Project object */;
}
