// !$*UTF8*$!
{
	archiveVersion = 1;
	classes = {
	};
	objectVersion = 55;
	objects = {

/* Begin PBXBuildFile section */
		EE0EA39027A599F200B508D8 /* AppDelegate.swift in Sources */ = {isa = PBXBuildFile; fileRef = EE0EA38F27A599F200B508D8 /* AppDelegate.swift */; };
		EE0EA39227A599F200B508D8 /* SceneDelegate.swift in Sources */ = {isa = PBXBuildFile; fileRef = EE0EA39127A599F200B508D8 /* SceneDelegate.swift */; };
		EE0EA39427A599F200B508D8 /* ViewController.swift in Sources */ = {isa = PBXBuildFile; fileRef = EE0EA39327A599F200B508D8 /* ViewController.swift */; };
		EE0EA39727A599F200B508D8 /* Main.storyboard in Resources */ = {isa = PBXBuildFile; fileRef = EE0EA39527A599F200B508D8 /* Main.storyboard */; };
		EE0EA39927A599F400B508D8 /* Assets.xcassets in Resources */ = {isa = PBXBuildFile; fileRef = EE0EA39827A599F400B508D8 /* Assets.xcassets */; };
		EE0EA39C27A599F400B508D8 /* LaunchScreen.storyboard in Resources */ = {isa = PBXBuildFile; fileRef = EE0EA39A27A599F400B508D8 /* LaunchScreen.storyboard */; };
		EE0EA3A727A599F400B508D8 /* AutoLayoutTestTests.swift in Sources */ = {isa = PBXBuildFile; fileRef = EE0EA3A627A599F400B508D8 /* AutoLayoutTestTests.swift */; };
		EE0EA3B127A599F400B508D8 /* AutoLayoutTestUITests.swift in Sources */ = {isa = PBXBuildFile; fileRef = EE0EA3B027A599F400B508D8 /* AutoLayoutTestUITests.swift */; };
		EE0EA3B327A599F400B508D8 /* AutoLayoutTestUITestsLaunchTests.swift in Sources */ = {isa = PBXBuildFile; fileRef = EE0EA3B227A599F400B508D8 /* AutoLayoutTestUITestsLaunchTests.swift */; };
/* End PBXBuildFile section */

/* Begin PBXContainerItemProxy section */
		EE0EA3A327A599F400B508D8 /* PBXContainerItemProxy */ = {
			isa = PBXContainerItemProxy;
			containerPortal = EE0EA38427A599F200B508D8 /* Project object */;
			proxyType = 1;
			remoteGlobalIDString = EE0EA38B27A599F200B508D8;
			remoteInfo = AutoLayoutTest;
		};
		EE0EA3AD27A599F400B508D8 /* PBXContainerItemProxy */ = {
			isa = PBXContainerItemProxy;
			containerPortal = EE0EA38427A599F200B508D8 /* Project object */;
			proxyType = 1;
			remoteGlobalIDString = EE0EA38B27A599F200B508D8;
			remoteInfo = AutoLayoutTest;
		};
/* End PBXContainerItemProxy section */

/* Begin PBXFileReference section */
		EE0EA38C27A599F200B508D8 /* AutoLayoutTest.app */ = {isa = PBXFileReference; explicitFileType = wrapper.application; includeInIndex = 0; path = AutoLayoutTest.app; sourceTree = BUILT_PRODUCTS_DIR; };
		EE0EA38F27A599F200B508D8 /* AppDelegate.swift */ = {isa = PBXFileReference; lastKnownFileType = sourcecode.swift; path = AppDelegate.swift; sourceTree = "<group>"; };
		EE0EA39127A599F200B508D8 /* SceneDelegate.swift */ = {isa = PBXFileReference; lastKnownFileType = sourcecode.swift; path = SceneDelegate.swift; sourceTree = "<group>"; };
		EE0EA39327A599F200B508D8 /* ViewController.swift */ = {isa = PBXFileReference; lastKnownFileType = sourcecode.swift; path = ViewController.swift; sourceTree = "<group>"; };
		EE0EA39627A599F200B508D8 /* Base */ = {isa = PBXFileReference; lastKnownFileType = file.storyboard; name = Base; path = Base.lproj/Main.storyboard; sourceTree = "<group>"; };
		EE0EA39827A599F400B508D8 /* Assets.xcassets */ = {isa = PBXFileReference; lastKnownFileType = folder.assetcatalog; path = Assets.xcassets; sourceTree = "<group>"; };
		EE0EA39B27A599F400B508D8 /* Base */ = {isa = PBXFileReference; lastKnownFileType = file.storyboard; name = Base; path = Base.lproj/LaunchScreen.storyboard; sourceTree = "<group>"; };
		EE0EA39D27A599F400B508D8 /* Info.plist */ = {isa = PBXFileReference; lastKnownFileType = text.plist.xml; path = Info.plist; sourceTree = "<group>"; };
		EE0EA3A227A599F400B508D8 /* AutoLayoutTestTests.xctest */ = {isa = PBXFileReference; explicitFileType = wrapper.cfbundle; includeInIndex = 0; path = AutoLayoutTestTests.xctest; sourceTree = BUILT_PRODUCTS_DIR; };
		EE0EA3A627A599F400B508D8 /* AutoLayoutTestTests.swift */ = {isa = PBXFileReference; lastKnownFileType = sourcecode.swift; path = AutoLayoutTestTests.swift; sourceTree = "<group>"; };
		EE0EA3AC27A599F400B508D8 /* AutoLayoutTestUITests.xctest */ = {isa = PBXFileReference; explicitFileType = wrapper.cfbundle; includeInIndex = 0; path = AutoLayoutTestUITests.xctest; sourceTree = BUILT_PRODUCTS_DIR; };
		EE0EA3B027A599F400B508D8 /* AutoLayoutTestUITests.swift */ = {isa = PBXFileReference; lastKnownFileType = sourcecode.swift; path = AutoLayoutTestUITests.swift; sourceTree = "<group>"; };
		EE0EA3B227A599F400B508D8 /* AutoLayoutTestUITestsLaunchTests.swift */ = {isa = PBXFileReference; lastKnownFileType = sourcecode.swift; path = AutoLayoutTestUITestsLaunchTests.swift; sourceTree = "<group>"; };
/* End PBXFileReference section */

/* Begin PBXFrameworksBuildPhase section */
		EE0EA38927A599F200B508D8 /* Frameworks */ = {
			isa = PBXFrameworksBuildPhase;
			buildActionMask = 2147483647;
			files = (
			);
			runOnlyForDeploymentPostprocessing = 0;
		};
		EE0EA39F27A599F400B508D8 /* Frameworks */ = {
			isa = PBXFrameworksBuildPhase;
			buildActionMask = 2147483647;
			files = (
			);
			runOnlyForDeploymentPostprocessing = 0;
		};
		EE0EA3A927A599F400B508D8 /* Frameworks */ = {
			isa = PBXFrameworksBuildPhase;
			buildActionMask = 2147483647;
			files = (
			);
			runOnlyForDeploymentPostprocessing = 0;
		};
/* End PBXFrameworksBuildPhase section */

/* Begin PBXGroup section */
		EE0EA38327A599F200B508D8 = {
			isa = PBXGroup;
			children = (
				EE0EA38E27A599F200B508D8 /* AutoLayoutTest */,
				EE0EA3A527A599F400B508D8 /* AutoLayoutTestTests */,
				EE0EA3AF27A599F400B508D8 /* AutoLayoutTestUITests */,
				EE0EA38D27A599F200B508D8 /* Products */,
			);
			sourceTree = "<group>";
		};
		EE0EA38D27A599F200B508D8 /* Products */ = {
			isa = PBXGroup;
			children = (
				EE0EA38C27A599F200B508D8 /* AutoLayoutTest.app */,
				EE0EA3A227A599F400B508D8 /* AutoLayoutTestTests.xctest */,
				EE0EA3AC27A599F400B508D8 /* AutoLayoutTestUITests.xctest */,
			);
			name = Products;
			sourceTree = "<group>";
		};
		EE0EA38E27A599F200B508D8 /* AutoLayoutTest */ = {
			isa = PBXGroup;
			children = (
				EE0EA38F27A599F200B508D8 /* AppDelegate.swift */,
				EE0EA39127A599F200B508D8 /* SceneDelegate.swift */,
				EE0EA39327A599F200B508D8 /* ViewController.swift */,
				EE0EA39527A599F200B508D8 /* Main.storyboard */,
				EE0EA39827A599F400B508D8 /* Assets.xcassets */,
				EE0EA39A27A599F400B508D8 /* LaunchScreen.storyboard */,
				EE0EA39D27A599F400B508D8 /* Info.plist */,
			);
			path = AutoLayoutTest;
			sourceTree = "<group>";
		};
		EE0EA3A527A599F400B508D8 /* AutoLayoutTestTests */ = {
			isa = PBXGroup;
			children = (
				EE0EA3A627A599F400B508D8 /* AutoLayoutTestTests.swift */,
			);
			path = AutoLayoutTestTests;
			sourceTree = "<group>";
		};
		EE0EA3AF27A599F400B508D8 /* AutoLayoutTestUITests */ = {
			isa = PBXGroup;
			children = (
				EE0EA3B027A599F400B508D8 /* AutoLayoutTestUITests.swift */,
				EE0EA3B227A599F400B508D8 /* AutoLayoutTestUITestsLaunchTests.swift */,
			);
			path = AutoLayoutTestUITests;
			sourceTree = "<group>";
		};
/* End PBXGroup section */

/* Begin PBXNativeTarget section */
		EE0EA38B27A599F200B508D8 /* AutoLayoutTest */ = {
			isa = PBXNativeTarget;
			buildConfigurationList = EE0EA3B627A599F400B508D8 /* Build configuration list for PBXNativeTarget "AutoLayoutTest" */;
			buildPhases = (
				EE0EA38827A599F200B508D8 /* Sources */,
				EE0EA38927A599F200B508D8 /* Frameworks */,
				EE0EA38A27A599F200B508D8 /* Resources */,
			);
			buildRules = (
			);
			dependencies = (
			);
			name = AutoLayoutTest;
			productName = AutoLayoutTest;
			productReference = EE0EA38C27A599F200B508D8 /* AutoLayoutTest.app */;
			productType = "com.apple.product-type.application";
		};
		EE0EA3A127A599F400B508D8 /* AutoLayoutTestTests */ = {
			isa = PBXNativeTarget;
			buildConfigurationList = EE0EA3B927A599F400B508D8 /* Build configuration list for PBXNativeTarget "AutoLayoutTestTests" */;
			buildPhases = (
				EE0EA39E27A599F400B508D8 /* Sources */,
				EE0EA39F27A599F400B508D8 /* Frameworks */,
				EE0EA3A027A599F400B508D8 /* Resources */,
			);
			buildRules = (
			);
			dependencies = (
				EE0EA3A427A599F400B508D8 /* PBXTargetDependency */,
			);
			name = AutoLayoutTestTests;
			productName = AutoLayoutTestTests;
			productReference = EE0EA3A227A599F400B508D8 /* AutoLayoutTestTests.xctest */;
			productType = "com.apple.product-type.bundle.unit-test";
		};
		EE0EA3AB27A599F400B508D8 /* AutoLayoutTestUITests */ = {
			isa = PBXNativeTarget;
			buildConfigurationList = EE0EA3BC27A599F400B508D8 /* Build configuration list for PBXNativeTarget "AutoLayoutTestUITests" */;
			buildPhases = (
				EE0EA3A827A599F400B508D8 /* Sources */,
				EE0EA3A927A599F400B508D8 /* Frameworks */,
				EE0EA3AA27A599F400B508D8 /* Resources */,
			);
			buildRules = (
			);
			dependencies = (
				EE0EA3AE27A599F400B508D8 /* PBXTargetDependency */,
			);
			name = AutoLayoutTestUITests;
			productName = AutoLayoutTestUITests;
			productReference = EE0EA3AC27A599F400B508D8 /* AutoLayoutTestUITests.xctest */;
			productType = "com.apple.product-type.bundle.ui-testing";
		};
/* End PBXNativeTarget section */

/* Begin PBXProject section */
		EE0EA38427A599F200B508D8 /* Project object */ = {
			isa = PBXProject;
			attributes = {
				BuildIndependentTargetsInParallel = 1;
				LastSwiftUpdateCheck = 1320;
				LastUpgradeCheck = 1320;
				TargetAttributes = {
					EE0EA38B27A599F200B508D8 = {
						CreatedOnToolsVersion = 13.2.1;
					};
					EE0EA3A127A599F400B508D8 = {
						CreatedOnToolsVersion = 13.2.1;
						TestTargetID = EE0EA38B27A599F200B508D8;
					};
					EE0EA3AB27A599F400B508D8 = {
						CreatedOnToolsVersion = 13.2.1;
						TestTargetID = EE0EA38B27A599F200B508D8;
					};
				};
			};
			buildConfigurationList = EE0EA38727A599F200B508D8 /* Build configuration list for PBXProject "AutoLayoutTest" */;
			compatibilityVersion = "Xcode 13.0";
			developmentRegion = en;
			hasScannedForEncodings = 0;
			knownRegions = (
				en,
				Base,
			);
			mainGroup = EE0EA38327A599F200B508D8;
			productRefGroup = EE0EA38D27A599F200B508D8 /* Products */;
			projectDirPath = "";
			projectRoot = "";
			targets = (
				EE0EA38B27A599F200B508D8 /* AutoLayoutTest */,
				EE0EA3A127A599F400B508D8 /* AutoLayoutTestTests */,
				EE0EA3AB27A599F400B508D8 /* AutoLayoutTestUITests */,
			);
		};
/* End PBXProject section */

/* Begin PBXResourcesBuildPhase section */
		EE0EA38A27A599F200B508D8 /* Resources */ = {
			isa = PBXResourcesBuildPhase;
			buildActionMask = 2147483647;
			files = (
				EE0EA39C27A599F400B508D8 /* LaunchScreen.storyboard in Resources */,
				EE0EA39927A599F400B508D8 /* Assets.xcassets in Resources */,
				EE0EA39727A599F200B508D8 /* Main.storyboard in Resources */,
			);
			runOnlyForDeploymentPostprocessing = 0;
		};
		EE0EA3A027A599F400B508D8 /* Resources */ = {
			isa = PBXResourcesBuildPhase;
			buildActionMask = 2147483647;
			files = (
			);
			runOnlyForDeploymentPostprocessing = 0;
		};
		EE0EA3AA27A599F400B508D8 /* Resources */ = {
			isa = PBXResourcesBuildPhase;
			buildActionMask = 2147483647;
			files = (
			);
			runOnlyForDeploymentPostprocessing = 0;
		};
/* End PBXResourcesBuildPhase section */

/* Begin PBXSourcesBuildPhase section */
		EE0EA38827A599F200B508D8 /* Sources */ = {
			isa = PBXSourcesBuildPhase;
			buildActionMask = 2147483647;
			files = (
				EE0EA39427A599F200B508D8 /* ViewController.swift in Sources */,
				EE0EA39027A599F200B508D8 /* AppDelegate.swift in Sources */,
				EE0EA39227A599F200B508D8 /* SceneDelegate.swift in Sources */,
			);
			runOnlyForDeploymentPostprocessing = 0;
		};
		EE0EA39E27A599F400B508D8 /* Sources */ = {
			isa = PBXSourcesBuildPhase;
			buildActionMask = 2147483647;
			files = (
				EE0EA3A727A599F400B508D8 /* AutoLayoutTestTests.swift in Sources */,
			);
			runOnlyForDeploymentPostprocessing = 0;
		};
		EE0EA3A827A599F400B508D8 /* Sources */ = {
			isa = PBXSourcesBuildPhase;
			buildActionMask = 2147483647;
			files = (
				EE0EA3B127A599F400B508D8 /* AutoLayoutTestUITests.swift in Sources */,
				EE0EA3B327A599F400B508D8 /* AutoLayoutTestUITestsLaunchTests.swift in Sources */,
			);
			runOnlyForDeploymentPostprocessing = 0;
		};
/* End PBXSourcesBuildPhase section */

/* Begin PBXTargetDependency section */
		EE0EA3A427A599F400B508D8 /* PBXTargetDependency */ = {
			isa = PBXTargetDependency;
			target = EE0EA38B27A599F200B508D8 /* AutoLayoutTest */;
			targetProxy = EE0EA3A327A599F400B508D8 /* PBXContainerItemProxy */;
		};
		EE0EA3AE27A599F400B508D8 /* PBXTargetDependency */ = {
			isa = PBXTargetDependency;
			target = EE0EA38B27A599F200B508D8 /* AutoLayoutTest */;
			targetProxy = EE0EA3AD27A599F400B508D8 /* PBXContainerItemProxy */;
		};
/* End PBXTargetDependency section */

/* Begin PBXVariantGroup section */
		EE0EA39527A599F200B508D8 /* Main.storyboard */ = {
			isa = PBXVariantGroup;
			children = (
				EE0EA39627A599F200B508D8 /* Base */,
			);
			name = Main.storyboard;
			sourceTree = "<group>";
		};
		EE0EA39A27A599F400B508D8 /* LaunchScreen.storyboard */ = {
			isa = PBXVariantGroup;
			children = (
				EE0EA39B27A599F400B508D8 /* Base */,
			);
			name = LaunchScreen.storyboard;
			sourceTree = "<group>";
		};
/* End PBXVariantGroup section */

/* Begin XCBuildConfiguration section */
		EE0EA3B427A599F400B508D8 /* Debug */ = {
			isa = XCBuildConfiguration;
			buildSettings = {
				ALWAYS_SEARCH_USER_PATHS = NO;
				CLANG_ANALYZER_NONNULL = YES;
				CLANG_ANALYZER_NUMBER_OBJECT_CONVERSION = YES_AGGRESSIVE;
				CLANG_CXX_LANGUAGE_STANDARD = "gnu++17";
				CLANG_CXX_LIBRARY = "libc++";
				CLANG_ENABLE_MODULES = YES;
				CLANG_ENABLE_OBJC_ARC = YES;
				CLANG_ENABLE_OBJC_WEAK = YES;
				CLANG_WARN_BLOCK_CAPTURE_AUTORELEASING = YES;
				CLANG_WARN_BOOL_CONVERSION = YES;
				CLANG_WARN_COMMA = YES;
				CLANG_WARN_CONSTANT_CONVERSION = YES;
				CLANG_WARN_DEPRECATED_OBJC_IMPLEMENTATIONS = YES;
				CLANG_WARN_DIRECT_OBJC_ISA_USAGE = YES_ERROR;
				CLANG_WARN_DOCUMENTATION_COMMENTS = YES;
				CLANG_WARN_EMPTY_BODY = YES;
				CLANG_WARN_ENUM_CONVERSION = YES;
				CLANG_WARN_INFINITE_RECURSION = YES;
				CLANG_WARN_INT_CONVERSION = YES;
				CLANG_WARN_NON_LITERAL_NULL_CONVERSION = YES;
				CLANG_WARN_OBJC_IMPLICIT_RETAIN_SELF = YES;
				CLANG_WARN_OBJC_LITERAL_CONVERSION = YES;
				CLANG_WARN_OBJC_ROOT_CLASS = YES_ERROR;
				CLANG_WARN_QUOTED_INCLUDE_IN_FRAMEWORK_HEADER = YES;
				CLANG_WARN_RANGE_LOOP_ANALYSIS = YES;
				CLANG_WARN_STRICT_PROTOTYPES = YES;
				CLANG_WARN_SUSPICIOUS_MOVE = YES;
				CLANG_WARN_UNGUARDED_AVAILABILITY = YES_AGGRESSIVE;
				CLANG_WARN_UNREACHABLE_CODE = YES;
				CLANG_WARN__DUPLICATE_METHOD_MATCH = YES;
				COPY_PHASE_STRIP = NO;
				DEBUG_INFORMATION_FORMAT = dwarf;
				ENABLE_STRICT_OBJC_MSGSEND = YES;
				ENABLE_TESTABILITY = YES;
				GCC_C_LANGUAGE_STANDARD = gnu11;
				GCC_DYNAMIC_NO_PIC = NO;
				GCC_NO_COMMON_BLOCKS = YES;
				GCC_OPTIMIZATION_LEVEL = 0;
				GCC_PREPROCESSOR_DEFINITIONS = (
					"DEBUG=1",
					"$(inherited)",
				);
				GCC_WARN_64_TO_32_BIT_CONVERSION = YES;
				GCC_WARN_ABOUT_RETURN_TYPE = YES_ERROR;
				GCC_WARN_UNDECLARED_SELECTOR = YES;
				GCC_WARN_UNINITIALIZED_AUTOS = YES_AGGRESSIVE;
				GCC_WARN_UNUSED_FUNCTION = YES;
				GCC_WARN_UNUSED_VARIABLE = YES;
				IPHONEOS_DEPLOYMENT_TARGET = 15.2;
				MTL_ENABLE_DEBUG_INFO = INCLUDE_SOURCE;
				MTL_FAST_MATH = YES;
				ONLY_ACTIVE_ARCH = YES;
				SDKROOT = iphoneos;
				SWIFT_ACTIVE_COMPILATION_CONDITIONS = DEBUG;
				SWIFT_OPTIMIZATION_LEVEL = "-Onone";
			};
			name = Debug;
		};
		EE0EA3B527A599F400B508D8 /* Release */ = {
			isa = XCBuildConfiguration;
			buildSettings = {
				ALWAYS_SEARCH_USER_PATHS = NO;
				CLANG_ANALYZER_NONNULL = YES;
				CLANG_ANALYZER_NUMBER_OBJECT_CONVERSION = YES_AGGRESSIVE;
				CLANG_CXX_LANGUAGE_STANDARD = "gnu++17";
				CLANG_CXX_LIBRARY = "libc++";
				CLANG_ENABLE_MODULES = YES;
				CLANG_ENABLE_OBJC_ARC = YES;
				CLANG_ENABLE_OBJC_WEAK = YES;
				CLANG_WARN_BLOCK_CAPTURE_AUTORELEASING = YES;
				CLANG_WARN_BOOL_CONVERSION = YES;
				CLANG_WARN_COMMA = YES;
				CLANG_WARN_CONSTANT_CONVERSION = YES;
				CLANG_WARN_DEPRECATED_OBJC_IMPLEMENTATIONS = YES;
				CLANG_WARN_DIRECT_OBJC_ISA_USAGE = YES_ERROR;
				CLANG_WARN_DOCUMENTATION_COMMENTS = YES;
				CLANG_WARN_EMPTY_BODY = YES;
				CLANG_WARN_ENUM_CONVERSION = YES;
				CLANG_WARN_INFINITE_RECURSION = YES;
				CLANG_WARN_INT_CONVERSION = YES;
				CLANG_WARN_NON_LITERAL_NULL_CONVERSION = YES;
				CLANG_WARN_OBJC_IMPLICIT_RETAIN_SELF = YES;
				CLANG_WARN_OBJC_LITERAL_CONVERSION = YES;
				CLANG_WARN_OBJC_ROOT_CLASS = YES_ERROR;
				CLANG_WARN_QUOTED_INCLUDE_IN_FRAMEWORK_HEADER = YES;
				CLANG_WARN_RANGE_LOOP_ANALYSIS = YES;
				CLANG_WARN_STRICT_PROTOTYPES = YES;
				CLANG_WARN_SUSPICIOUS_MOVE = YES;
				CLANG_WARN_UNGUARDED_AVAILABILITY = YES_AGGRESSIVE;
				CLANG_WARN_UNREACHABLE_CODE = YES;
				CLANG_WARN__DUPLICATE_METHOD_MATCH = YES;
				COPY_PHASE_STRIP = NO;
				DEBUG_INFORMATION_FORMAT = "dwarf-with-dsym";
				ENABLE_NS_ASSERTIONS = NO;
				ENABLE_STRICT_OBJC_MSGSEND = YES;
				GCC_C_LANGUAGE_STANDARD = gnu11;
				GCC_NO_COMMON_BLOCKS = YES;
				GCC_WARN_64_TO_32_BIT_CONVERSION = YES;
				GCC_WARN_ABOUT_RETURN_TYPE = YES_ERROR;
				GCC_WARN_UNDECLARED_SELECTOR = YES;
				GCC_WARN_UNINITIALIZED_AUTOS = YES_AGGRESSIVE;
				GCC_WARN_UNUSED_FUNCTION = YES;
				GCC_WARN_UNUSED_VARIABLE = YES;
				IPHONEOS_DEPLOYMENT_TARGET = 15.2;
				MTL_ENABLE_DEBUG_INFO = NO;
				MTL_FAST_MATH = YES;
				SDKROOT = iphoneos;
				SWIFT_COMPILATION_MODE = wholemodule;
				SWIFT_OPTIMIZATION_LEVEL = "-O";
				VALIDATE_PRODUCT = YES;
			};
			name = Release;
		};
		EE0EA3B727A599F400B508D8 /* Debug */ = {
			isa = XCBuildConfiguration;
			buildSettings = {
				ASSETCATALOG_COMPILER_APPICON_NAME = AppIcon;
				ASSETCATALOG_COMPILER_GLOBAL_ACCENT_COLOR_NAME = AccentColor;
				CODE_SIGN_STYLE = Automatic;
				CURRENT_PROJECT_VERSION = 1;
				GENERATE_INFOPLIST_FILE = YES;
				INFOPLIST_FILE = AutoLayoutTest/Info.plist;
				INFOPLIST_KEY_UIApplicationSupportsIndirectInputEvents = YES;
				INFOPLIST_KEY_UILaunchStoryboardName = LaunchScreen;
				INFOPLIST_KEY_UIMainStoryboardFile = Main;
				INFOPLIST_KEY_UISupportedInterfaceOrientations_iPad = "UIInterfaceOrientationPortrait UIInterfaceOrientationPortraitUpsideDown UIInterfaceOrientationLandscapeLeft UIInterfaceOrientationLandscapeRight";
				INFOPLIST_KEY_UISupportedInterfaceOrientations_iPhone = "UIInterfaceOrientationPortrait UIInterfaceOrientationLandscapeLeft UIInterfaceOrientationLandscapeRight";
				LD_RUNPATH_SEARCH_PATHS = (
					"$(inherited)",
					"@executable_path/Frameworks",
				);
				MARKETING_VERSION = 1.0;
				PRODUCT_BUNDLE_IDENTIFIER = net.59.AutoLayoutTest;
				PRODUCT_NAME = "$(TARGET_NAME)";
				SWIFT_EMIT_LOC_STRINGS = YES;
				SWIFT_VERSION = 5.0;
				TARGETED_DEVICE_FAMILY = "1,2";
			};
			name = Debug;
		};
		EE0EA3B827A599F400B508D8 /* Release */ = {
			isa = XCBuildConfiguration;
			buildSettings = {
				ASSETCATALOG_COMPILER_APPICON_NAME = AppIcon;
				ASSETCATALOG_COMPILER_GLOBAL_ACCENT_COLOR_NAME = AccentColor;
				CODE_SIGN_STYLE = Automatic;
				CURRENT_PROJECT_VERSION = 1;
				GENERATE_INFOPLIST_FILE = YES;
				INFOPLIST_FILE = AutoLayoutTest/Info.plist;
				INFOPLIST_KEY_UIApplicationSupportsIndirectInputEvents = YES;
				INFOPLIST_KEY_UILaunchStoryboardName = LaunchScreen;
				INFOPLIST_KEY_UIMainStoryboardFile = Main;
				INFOPLIST_KEY_UISupportedInterfaceOrientations_iPad = "UIInterfaceOrientationPortrait UIInterfaceOrientationPortraitUpsideDown UIInterfaceOrientationLandscapeLeft UIInterfaceOrientationLandscapeRight";
				INFOPLIST_KEY_UISupportedInterfaceOrientations_iPhone = "UIInterfaceOrientationPortrait UIInterfaceOrientationLandscapeLeft UIInterfaceOrientationLandscapeRight";
				LD_RUNPATH_SEARCH_PATHS = (
					"$(inherited)",
					"@executable_path/Frameworks",
				);
				MARKETING_VERSION = 1.0;
				PRODUCT_BUNDLE_IDENTIFIER = net.59.AutoLayoutTest;
				PRODUCT_NAME = "$(TARGET_NAME)";
				SWIFT_EMIT_LOC_STRINGS = YES;
				SWIFT_VERSION = 5.0;
				TARGETED_DEVICE_FAMILY = "1,2";
			};
			name = Release;
		};
		EE0EA3BA27A599F400B508D8 /* Debug */ = {
			isa = XCBuildConfiguration;
			buildSettings = {
				ALWAYS_EMBED_SWIFT_STANDARD_LIBRARIES = YES;
				BUNDLE_LOADER = "$(TEST_HOST)";
				CODE_SIGN_STYLE = Automatic;
				CURRENT_PROJECT_VERSION = 1;
				GENERATE_INFOPLIST_FILE = YES;
				IPHONEOS_DEPLOYMENT_TARGET = 15.2;
				MARKETING_VERSION = 1.0;
				PRODUCT_BUNDLE_IDENTIFIER = net.59.AutoLayoutTestTests;
				PRODUCT_NAME = "$(TARGET_NAME)";
				SWIFT_EMIT_LOC_STRINGS = NO;
				SWIFT_VERSION = 5.0;
				TARGETED_DEVICE_FAMILY = "1,2";
				TEST_HOST = "$(BUILT_PRODUCTS_DIR)/AutoLayoutTest.app/AutoLayoutTest";
			};
			name = Debug;
		};
		EE0EA3BB27A599F400B508D8 /* Release */ = {
			isa = XCBuildConfiguration;
			buildSettings = {
				ALWAYS_EMBED_SWIFT_STANDARD_LIBRARIES = YES;
				BUNDLE_LOADER = "$(TEST_HOST)";
				CODE_SIGN_STYLE = Automatic;
				CURRENT_PROJECT_VERSION = 1;
				GENERATE_INFOPLIST_FILE = YES;
				IPHONEOS_DEPLOYMENT_TARGET = 15.2;
				MARKETING_VERSION = 1.0;
				PRODUCT_BUNDLE_IDENTIFIER = net.59.AutoLayoutTestTests;
				PRODUCT_NAME = "$(TARGET_NAME)";
				SWIFT_EMIT_LOC_STRINGS = NO;
				SWIFT_VERSION = 5.0;
				TARGETED_DEVICE_FAMILY = "1,2";
				TEST_HOST = "$(BUILT_PRODUCTS_DIR)/AutoLayoutTest.app/AutoLayoutTest";
			};
			name = Release;
		};
		EE0EA3BD27A599F400B508D8 /* Debug */ = {
			isa = XCBuildConfiguration;
			buildSettings = {
				ALWAYS_EMBED_SWIFT_STANDARD_LIBRARIES = YES;
				CODE_SIGN_STYLE = Automatic;
				CURRENT_PROJECT_VERSION = 1;
				GENERATE_INFOPLIST_FILE = YES;
				MARKETING_VERSION = 1.0;
				PRODUCT_BUNDLE_IDENTIFIER = net.59.AutoLayoutTestUITests;
				PRODUCT_NAME = "$(TARGET_NAME)";
				SWIFT_EMIT_LOC_STRINGS = NO;
				SWIFT_VERSION = 5.0;
				TARGETED_DEVICE_FAMILY = "1,2";
				TEST_TARGET_NAME = AutoLayoutTest;
			};
			name = Debug;
		};
		EE0EA3BE27A599F400B508D8 /* Release */ = {
			isa = XCBuildConfiguration;
			buildSettings = {
				ALWAYS_EMBED_SWIFT_STANDARD_LIBRARIES = YES;
				CODE_SIGN_STYLE = Automatic;
				CURRENT_PROJECT_VERSION = 1;
				GENERATE_INFOPLIST_FILE = YES;
				MARKETING_VERSION = 1.0;
				PRODUCT_BUNDLE_IDENTIFIER = net.59.AutoLayoutTestUITests;
				PRODUCT_NAME = "$(TARGET_NAME)";
				SWIFT_EMIT_LOC_STRINGS = NO;
				SWIFT_VERSION = 5.0;
				TARGETED_DEVICE_FAMILY = "1,2";
				TEST_TARGET_NAME = AutoLayoutTest;
			};
			name = Release;
		};
/* End XCBuildConfiguration section */

/* Begin XCConfigurationList section */
		EE0EA38727A599F200B508D8 /* Build configuration list for PBXProject "AutoLayoutTest" */ = {
			isa = XCConfigurationList;
			buildConfigurations = (
				EE0EA3B427A599F400B508D8 /* Debug */,
				EE0EA3B527A599F400B508D8 /* Release */,
			);
			defaultConfigurationIsVisible = 0;
			defaultConfigurationName = Release;
		};
		EE0EA3B627A599F400B508D8 /* Build configuration list for PBXNativeTarget "AutoLayoutTest" */ = {
			isa = XCConfigurationList;
			buildConfigurations = (
				EE0EA3B727A599F400B508D8 /* Debug */,
				EE0EA3B827A599F400B508D8 /* Release */,
			);
			defaultConfigurationIsVisible = 0;
			defaultConfigurationName = Release;
		};
		EE0EA3B927A599F400B508D8 /* Build configuration list for PBXNativeTarget "AutoLayoutTestTests" */ = {
			isa = XCConfigurationList;
			buildConfigurations = (
				EE0EA3BA27A599F400B508D8 /* Debug */,
				EE0EA3BB27A599F400B508D8 /* Release */,
			);
			defaultConfigurationIsVisible = 0;
			defaultConfigurationName = Release;
		};
		EE0EA3BC27A599F400B508D8 /* Build configuration list for PBXNativeTarget "AutoLayoutTestUITests" */ = {
			isa = XCConfigurationList;
			buildConfigurations = (
				EE0EA3BD27A599F400B508D8 /* Debug */,
				EE0EA3BE27A599F400B508D8 /* Release */,
			);
			defaultConfigurationIsVisible = 0;
			defaultConfigurationName = Release;
		};
/* End XCConfigurationList section */
	};
	rootObject = EE0EA38427A599F200B508D8 /* Project object */;
}
